// !$*UTF8*$!
{
	archiveVersion = 1;
	classes = {
	};
	objectVersion = 50;
	objects = {

/* Begin PBXBuildFile section */
		C08A194F230A3A6500673321 /* AppDelegate.swift in Sources */ = {isa = PBXBuildFile; fileRef = C08A194E230A3A6500673321 /* AppDelegate.swift */; };
		C08A1951230A3A6500673321 /* ViewController.swift in Sources */ = {isa = PBXBuildFile; fileRef = C08A1950230A3A6500673321 /* ViewController.swift */; };
		C08A1954230A3A6500673321 /* Main.storyboard in Resources */ = {isa = PBXBuildFile; fileRef = C08A1952230A3A6500673321 /* Main.storyboard */; };
		C08A1956230A3A6600673321 /* Assets.xcassets in Resources */ = {isa = PBXBuildFile; fileRef = C08A1955230A3A6600673321 /* Assets.xcassets */; };
		C08A1959230A3A6600673321 /* LaunchScreen.storyboard in Resources */ = {isa = PBXBuildFile; fileRef = C08A1957230A3A6600673321 /* LaunchScreen.storyboard */; };
		C08A1961230A3E3900673321 /* TableViewCell.swift in Sources */ = {isa = PBXBuildFile; fileRef = C08A1960230A3E3900673321 /* TableViewCell.swift */; };
		C08A1963230A508B00673321 /* User.swift in Sources */ = {isa = PBXBuildFile; fileRef = C08A1962230A508B00673321 /* User.swift */; };
/* End PBXBuildFile section */

/* Begin PBXFileReference section */
		C08A194B230A3A6500673321 /* Codable Challenge.app */ = {isa = PBXFileReference; explicitFileType = wrapper.application; includeInIndex = 0; path = "Codable Challenge.app"; sourceTree = BUILT_PRODUCTS_DIR; };
		C08A194E230A3A6500673321 /* AppDelegate.swift */ = {isa = PBXFileReference; lastKnownFileType = sourcecode.swift; path = AppDelegate.swift; sourceTree = "<group>"; };
		C08A1950230A3A6500673321 /* ViewController.swift */ = {isa = PBXFileReference; lastKnownFileType = sourcecode.swift; path = ViewController.swift; sourceTree = "<group>"; };
		C08A1953230A3A6500673321 /* Base */ = {isa = PBXFileReference; lastKnownFileType = file.storyboard; name = Base; path = Base.lproj/Main.storyboard; sourceTree = "<group>"; };
		C08A1955230A3A6600673321 /* Assets.xcassets */ = {isa = PBXFileReference; lastKnownFileType = folder.assetcatalog; path = Assets.xcassets; sourceTree = "<group>"; };
		C08A1958230A3A6600673321 /* Base */ = {isa = PBXFileReference; lastKnownFileType = file.storyboard; name = Base; path = Base.lproj/LaunchScreen.storyboard; sourceTree = "<group>"; };
		C08A195A230A3A6600673321 /* Info.plist */ = {isa = PBXFileReference; lastKnownFileType = text.plist.xml; path = Info.plist; sourceTree = "<group>"; };
		C08A1960230A3E3900673321 /* TableViewCell.swift */ = {isa = PBXFileReference; lastKnownFileType = sourcecode.swift; path = TableViewCell.swift; sourceTree = "<group>"; };
		C08A1962230A508B00673321 /* User.swift */ = {isa = PBXFileReference; lastKnownFileType = sourcecode.swift; path = User.swift; sourceTree = "<group>"; };
/* End PBXFileReference section */

/* Begin PBXFrameworksBuildPhase section */
		C08A1948230A3A6500673321 /* Frameworks */ = {
			isa = PBXFrameworksBuildPhase;
			buildActionMask = 2147483647;
			files = (
			);
			runOnlyForDeploymentPostprocessing = 0;
		};
/* End PBXFrameworksBuildPhase section */

/* Begin PBXGroup section */
		C08A1942230A3A6500673321 = {
			isa = PBXGroup;
			children = (
				C08A194D230A3A6500673321 /* Codable Challenge */,
				C08A194C230A3A6500673321 /* Products */,
			);
			sourceTree = "<group>";
		};
		C08A194C230A3A6500673321 /* Products */ = {
			isa = PBXGroup;
			children = (
				C08A194B230A3A6500673321 /* Codable Challenge.app */,
			);
			name = Products;
			sourceTree = "<group>";
		};
		C08A194D230A3A6500673321 /* Codable Challenge */ = {
			isa = PBXGroup;
			children = (
				C08A194E230A3A6500673321 /* AppDelegate.swift */,
				C08A1950230A3A6500673321 /* ViewController.swift */,
				C08A1952230A3A6500673321 /* Main.storyboard */,
				C08A1960230A3E3900673321 /* TableViewCell.swift */,
				C08A1955230A3A6600673321 /* Assets.xcassets */,
				C08A1957230A3A6600673321 /* LaunchScreen.storyboard */,
				C08A195A230A3A6600673321 /* Info.plist */,
				C08A1962230A508B00673321 /* User.swift */,
			);
			path = "Codable Challenge";
			sourceTree = "<group>";
		};
/* End PBXGroup section */

/* Begin PBXNativeTarget section */
		C08A194A230A3A6500673321 /* Codable Challenge */ = {
			isa = PBXNativeTarget;
			buildConfigurationList = C08A195D230A3A6600673321 /* Build configuration list for PBXNativeTarget "Codable Challenge" */;
			buildPhases = (
				C08A1947230A3A6500673321 /* Sources */,
				C08A1948230A3A6500673321 /* Frameworks */,
				C08A1949230A3A6500673321 /* Resources */,
			);
			buildRules = (
			);
			dependencies = (
			);
			name = "Codable Challenge";
			productName = "Codable Challenge";
			productReference = C08A194B230A3A6500673321 /* Codable Challenge.app */;
			productType = "com.apple.product-type.application";
		};
/* End PBXNativeTarget section */

/* Begin PBXProject section */
		C08A1943230A3A6500673321 /* Project object */ = {
			isa = PBXProject;
			attributes = {
				LastSwiftUpdateCheck = 1030;
				LastUpgradeCheck = 1030;
				ORGANIZATIONNAME = klau5;
				TargetAttributes = {
					C08A194A230A3A6500673321 = {
						CreatedOnToolsVersion = 10.3;
					};
				};
			};
			buildConfigurationList = C08A1946230A3A6500673321 /* Build configuration list for PBXProject "Codable Challenge" */;
			compatibilityVersion = "Xcode 9.3";
			developmentRegion = en;
			hasScannedForEncodings = 0;
			knownRegions = (
				en,
				Base,
			);
			mainGroup = C08A1942230A3A6500673321;
			productRefGroup = C08A194C230A3A6500673321 /* Products */;
			projectDirPath = "";
			projectRoot = "";
			targets = (
				C08A194A230A3A6500673321 /* Codable Challenge */,
			);
		};
/* End PBXProject section */

/* Begin PBXResourcesBuildPhase section */
		C08A1949230A3A6500673321 /* Resources */ = {
			isa = PBXResourcesBuildPhase;
			buildActionMask = 2147483647;
			files = (
				C08A1959230A3A6600673321 /* LaunchScreen.storyboard in Resources */,
				C08A1956230A3A6600673321 /* Assets.xcassets in Resources */,
				C08A1954230A3A6500673321 /* Main.storyboard in Resources */,
			);
			runOnlyForDeploymentPostprocessing = 0;
		};
/* End PBXResourcesBuildPhase section */

/* Begin PBXSourcesBuildPhase section */
		C08A1947230A3A6500673321 /* Sources */ = {
			isa = PBXSourcesBuildPhase;
			buildActionMask = 2147483647;
			files = (
				C08A1963230A508B00673321 /* User.swift in Sources */,
				C08A1961230A3E3900673321 /* TableViewCell.swift in Sources */,
				C08A1951230A3A6500673321 /* ViewController.swift in Sources */,
				C08A194F230A3A6500673321 /* AppDelegate.swift in Sources */,
			);
			runOnlyForDeploymentPostprocessing = 0;
		};
/* End PBXSourcesBuildPhase section */

/* Begin PBXVariantGroup section */
		C08A1952230A3A6500673321 /* Main.storyboard */ = {
			isa = PBXVariantGroup;
			children = (
				C08A1953230A3A6500673321 /* Base */,
			);
			name = Main.storyboard;
			sourceTree = "<group>";
		};
		C08A1957230A3A6600673321 /* LaunchScreen.storyboard */ = {
			isa = PBXVariantGroup;
			children = (
				C08A1958230A3A6600673321 /* Base */,
			);
			name = LaunchScreen.storyboard;
			sourceTree = "<group>";
		};
/* End PBXVariantGroup section */

/* Begin XCBuildConfiguration section */
		C08A195B230A3A6600673321 /* Debug */ = {
			isa = XCBuildConfiguration;
			buildSettings = {
				ALWAYS_SEARCH_USER_PATHS = NO;
				CLANG_ANALYZER_NONNULL = YES;
				CLANG_ANALYZER_NUMBER_OBJECT_CONVERSION = YES_AGGRESSIVE;
				CLANG_CXX_LANGUAGE_STANDARD = "gnu++14";
				CLANG_CXX_LIBRARY = "libc++";
				CLANG_ENABLE_MODULES = YES;
				CLANG_ENABLE_OBJC_ARC = YES;
				CLANG_ENABLE_OBJC_WEAK = YES;
				CLANG_WARN_BLOCK_CAPTURE_AUTORELEASING = YES;
				CLANG_WARN_BOOL_CONVERSION = YES;
				CLANG_WARN_COMMA = YES;
				CLANG_WARN_CONSTANT_CONVERSION = YES;
				CLANG_WARN_DEPRECATED_OBJC_IMPLEMENTATIONS = YES;
				CLANG_WARN_DIRECT_OBJC_ISA_USAGE = YES_ERROR;
				CLANG_WARN_DOCUMENTATION_COMMENTS = YES;
				CLANG_WARN_EMPTY_BODY = YES;
				CLANG_WARN_ENUM_CONVERSION = YES;
				CLANG_WARN_INFINITE_RECURSION = YES;
				CLANG_WARN_INT_CONVERSION = YES;
				CLANG_WARN_NON_LITERAL_NULL_CONVERSION = YES;
				CLANG_WARN_OBJC_IMPLICIT_RETAIN_SELF = YES;
				CLANG_WARN_OBJC_LITERAL_CONVERSION = YES;
				CLANG_WARN_OBJC_ROOT_CLASS = YES_ERROR;
				CLANG_WARN_RANGE_LOOP_ANALYSIS = YES;
				CLANG_WARN_STRICT_PROTOTYPES = YES;
				CLANG_WARN_SUSPICIOUS_MOVE = YES;
				CLANG_WARN_UNGUARDED_AVAILABILITY = YES_AGGRESSIVE;
				CLANG_WARN_UNREACHABLE_CODE = YES;
				CLANG_WARN__DUPLICATE_METHOD_MATCH = YES;
				CODE_SIGN_IDENTITY = "iPhone Developer";
				COPY_PHASE_STRIP = NO;
				DEBUG_INFORMATION_FORMAT = dwarf;
				ENABLE_STRICT_OBJC_MSGSEND = YES;
				ENABLE_TESTABILITY = YES;
				GCC_C_LANGUAGE_STANDARD = gnu11;
				GCC_DYNAMIC_NO_PIC = NO;
				GCC_NO_COMMON_BLOCKS = YES;
				GCC_OPTIMIZATION_LEVEL = 0;
				GCC_PREPROCESSOR_DEFINITIONS = (
					"DEBUG=1",
					"$(inherited)",
				);
				GCC_WARN_64_TO_32_BIT_CONVERSION = YES;
				GCC_WARN_ABOUT_RETURN_TYPE = YES_ERROR;
				GCC_WARN_UNDECLARED_SELECTOR = YES;
				GCC_WARN_UNINITIALIZED_AUTOS = YES_AGGRESSIVE;
				GCC_WARN_UNUSED_FUNCTION = YES;
				GCC_WARN_UNUSED_VARIABLE = YES;
				IPHONEOS_DEPLOYMENT_TARGET = 12.4;
				MTL_ENABLE_DEBUG_INFO = INCLUDE_SOURCE;
				MTL_FAST_MATH = YES;
				ONLY_ACTIVE_ARCH = YES;
				SDKROOT = iphoneos;
				SWIFT_ACTIVE_COMPILATION_CONDITIONS = DEBUG;
				SWIFT_OPTIMIZATION_LEVEL = "-Onone";
			};
			name = Debug;
		};
		C08A195C230A3A6600673321 /* Release */ = {
			isa = XCBuildConfiguration;
			buildSettings = {
				ALWAYS_SEARCH_USER_PATHS = NO;
				CLANG_ANALYZER_NONNULL = YES;
				CLANG_ANALYZER_NUMBER_OBJECT_CONVERSION = YES_AGGRESSIVE;
				CLANG_CXX_LANGUAGE_STANDARD = "gnu++14";
				CLANG_CXX_LIBRARY = "libc++";
				CLANG_ENABLE_MODULES = YES;
				CLANG_ENABLE_OBJC_ARC = YES;
				CLANG_ENABLE_OBJC_WEAK = YES;
				CLANG_WARN_BLOCK_CAPTURE_AUTORELEASING = YES;
				CLANG_WARN_BOOL_CONVERSION = YES;
				CLANG_WARN_COMMA = YES;
				CLANG_WARN_CONSTANT_CONVERSION = YES;
				CLANG_WARN_DEPRECATED_OBJC_IMPLEMENTATIONS = YES;
				CLANG_WARN_DIRECT_OBJC_ISA_USAGE = YES_ERROR;
				CLANG_WARN_DOCUMENTATION_COMMENTS = YES;
				CLANG_WARN_EMPTY_BODY = YES;
				CLANG_WARN_ENUM_CONVERSION = YES;
				CLANG_WARN_INFINITE_RECURSION = YES;
				CLANG_WARN_INT_CONVERSION = YES;
				CLANG_WARN_NON_LITERAL_NULL_CONVERSION = YES;
				CLANG_WARN_OBJC_IMPLICIT_RETAIN_SELF = YES;
				CLANG_WARN_OBJC_LITERAL_CONVERSION = YES;
				CLANG_WARN_OBJC_ROOT_CLASS = YES_ERROR;
				CLANG_WARN_RANGE_LOOP_ANALYSIS = YES;
				CLANG_WARN_STRICT_PROTOTYPES = YES;
				CLANG_WARN_SUSPICIOUS_MOVE = YES;
				CLANG_WARN_UNGUARDED_AVAILABILITY = YES_AGGRESSIVE;
				CLANG_WARN_UNREACHABLE_CODE = YES;
				CLANG_WARN__DUPLICATE_METHOD_MATCH = YES;
				CODE_SIGN_IDENTITY = "iPhone Developer";
				COPY_PHASE_STRIP = NO;
				DEBUG_INFORMATION_FORMAT = "dwarf-with-dsym";
				ENABLE_NS_ASSERTIONS = NO;
				ENABLE_STRICT_OBJC_MSGSEND = YES;
				GCC_C_LANGUAGE_STANDARD = gnu11;
				GCC_NO_COMMON_BLOCKS = YES;
				GCC_WARN_64_TO_32_BIT_CONVERSION = YES;
				GCC_WARN_ABOUT_RETURN_TYPE = YES_ERROR;
				GCC_WARN_UNDECLARED_SELECTOR = YES;
				GCC_WARN_UNINITIALIZED_AUTOS = YES_AGGRESSIVE;
				GCC_WARN_UNUSED_FUNCTION = YES;
				GCC_WARN_UNUSED_VARIABLE = YES;
				IPHONEOS_DEPLOYMENT_TARGET = 12.4;
				MTL_ENABLE_DEBUG_INFO = NO;
				MTL_FAST_MATH = YES;
				SDKROOT = iphoneos;
				SWIFT_COMPILATION_MODE = wholemodule;
				SWIFT_OPTIMIZATION_LEVEL = "-O";
				VALIDATE_PRODUCT = YES;
			};
			name = Release;
		};
		C08A195E230A3A6600673321 /* Debug */ = {
			isa = XCBuildConfiguration;
			buildSettings = {
				ASSETCATALOG_COMPILER_APPICON_NAME = AppIcon;
				CODE_SIGN_STYLE = Automatic;
				DEVELOPMENT_TEAM = JZJ334QG4M;
				INFOPLIST_FILE = "Codable Challenge/Info.plist";
				LD_RUNPATH_SEARCH_PATHS = (
					"$(inherited)",
					"@executable_path/Frameworks",
				);
				PRODUCT_BUNDLE_IDENTIFIER = "com.klau5.Codable-Challenge";
				PRODUCT_NAME = "$(TARGET_NAME)";
				SWIFT_VERSION = 5.0;
				TARGETED_DEVICE_FAMILY = "1,2";
			};
			name = Debug;
		};
		C08A195F230A3A6600673321 /* Release */ = {
			isa = XCBuildConfiguration;
			buildSettings = {
				ASSETCATALOG_COMPILER_APPICON_NAME = AppIcon;
				CODE_SIGN_STYLE = Automatic;
				DEVELOPMENT_TEAM = JZJ334QG4M;
				INFOPLIST_FILE = "Codable Challenge/Info.plist";
				LD_RUNPATH_SEARCH_PATHS = (
					"$(inherited)",
					"@executable_path/Frameworks",
				);
				PRODUCT_BUNDLE_IDENTIFIER = "com.klau5.Codable-Challenge";
				PRODUCT_NAME = "$(TARGET_NAME)";
				SWIFT_VERSION = 5.0;
				TARGETED_DEVICE_FAMILY = "1,2";
			};
			name = Release;
		};
/* End XCBuildConfiguration section */

/* Begin XCConfigurationList section */
		C08A1946230A3A6500673321 /* Build configuration list for PBXProject "Codable Challenge" */ = {
			isa = XCConfigurationList;
			buildConfigurations = (
				C08A195B230A3A6600673321 /* Debug */,
				C08A195C230A3A6600673321 /* Release */,
			);
			defaultConfigurationIsVisible = 0;
			defaultConfigurationName = Release;
		};
		C08A195D230A3A6600673321 /* Build configuration list for PBXNativeTarget "Codable Challenge" */ = {
			isa = XCConfigurationList;
			buildConfigurations = (
				C08A195E230A3A6600673321 /* Debug */,
				C08A195F230A3A6600673321 /* Release */,
			);
			defaultConfigurationIsVisible = 0;
			defaultConfigurationName = Release;
		};
/* End XCConfigurationList section */
	};
	rootObject = C08A1943230A3A6500673321 /* Project object */;
}
